
Microsoft Visual Studio Solution File, Format Version 12.00
# Visual Studio Version 16
VisualStudioVersion = 16.0.30717.126
MinimumVisualStudioVersion = 10.0.40219.1
Project("{2150E333-8FDC-42A3-9474-1A3956D46DE8}") = "src", "src", "{75DB81E9-16BA-4C3D-8F1C-4EEB77D6102E}"
EndProject
Project("{2150E333-8FDC-42A3-9474-1A3956D46DE8}") = "catalog", "catalog", "{EDB31F57-4693-4576-BD1F-D6FD82FB9B4E}"
EndProject
Project("{9A19103F-16F7-4668-BE54-9A1E7A4F7556}") = "Catalog.API", "src\Catalog\Catalog.API\Catalog.API.csproj", "{E8949E17-523F-43C1-995F-7FBBF0671C30}"
EndProject
Project("{E53339B2-1760-4266-BCC7-CA923CBCF16C}") = "docker-compose", "docker-compose.dcproj", "{E910433E-E839-42E5-B0D1-31387866DBED}"
EndProject
Project("{2150E333-8FDC-42A3-9474-1A3956D46DE8}") = "basket", "basket", "{B2CEB355-A314-4FC4-AFED-69DB66782478}"
EndProject
Project("{9A19103F-16F7-4668-BE54-9A1E7A4F7556}") = "Basket.API", "src\Basket\Basket.API\Basket.API.csproj", "{C24408BD-0B92-4366-87BB-23F31C492214}"
EndProject
Project("{2150E333-8FDC-42A3-9474-1A3956D46DE8}") = "Discount", "Discount", "{481AED98-38D0-41FA-9265-37DF23AA84CA}"
EndProject
Project("{9A19103F-16F7-4668-BE54-9A1E7A4F7556}") = "Discount.API", "src\Discount\Discount.API\Discount.API.csproj", "{8B05E182-B5FC-42FB-ACCE-F2A13889E252}"
EndProject
Project("{9A19103F-16F7-4668-BE54-9A1E7A4F7556}") = "Discount.Grpc", "src\Discount\Discount.Grpc\Discount.Grpc\Discount.Grpc.csproj", "{9C848162-AFE2-479F-919F-A19342FF7280}"
EndProject
Project("{2150E333-8FDC-42A3-9474-1A3956D46DE8}") = "Ordering", "Ordering", "{6770D4A8-B126-443A-90BD-28A2A9B361A7}"
EndProject
Global
	GlobalSection(SolutionConfigurationPlatforms) = preSolution
		Debug|Any CPU = Debug|Any CPU
		Release|Any CPU = Release|Any CPU
	EndGlobalSection
	GlobalSection(ProjectConfigurationPlatforms) = postSolution
		{E8949E17-523F-43C1-995F-7FBBF0671C30}.Debug|Any CPU.ActiveCfg = Debug|Any CPU
		{E8949E17-523F-43C1-995F-7FBBF0671C30}.Debug|Any CPU.Build.0 = Debug|Any CPU
		{E8949E17-523F-43C1-995F-7FBBF0671C30}.Release|Any CPU.ActiveCfg = Release|Any CPU
		{E8949E17-523F-43C1-995F-7FBBF0671C30}.Release|Any CPU.Build.0 = Release|Any CPU
		{E910433E-E839-42E5-B0D1-31387866DBED}.Debug|Any CPU.ActiveCfg = Debug|Any CPU
		{E910433E-E839-42E5-B0D1-31387866DBED}.Debug|Any CPU.Build.0 = Debug|Any CPU
		{E910433E-E839-42E5-B0D1-31387866DBED}.Release|Any CPU.ActiveCfg = Release|Any CPU
		{E910433E-E839-42E5-B0D1-31387866DBED}.Release|Any CPU.Build.0 = Release|Any CPU
		{C24408BD-0B92-4366-87BB-23F31C492214}.Debug|Any CPU.ActiveCfg = Debug|Any CPU
		{C24408BD-0B92-4366-87BB-23F31C492214}.Debug|Any CPU.Build.0 = Debug|Any CPU
		{C24408BD-0B92-4366-87BB-23F31C492214}.Release|Any CPU.ActiveCfg = Release|Any CPU
		{C24408BD-0B92-4366-87BB-23F31C492214}.Release|Any CPU.Build.0 = Release|Any CPU
		{8B05E182-B5FC-42FB-ACCE-F2A13889E252}.Debug|Any CPU.ActiveCfg = Debug|Any CPU
		{8B05E182-B5FC-42FB-ACCE-F2A13889E252}.Debug|Any CPU.Build.0 = Debug|Any CPU
		{8B05E182-B5FC-42FB-ACCE-F2A13889E252}.Release|Any CPU.ActiveCfg = Release|Any CPU
		{8B05E182-B5FC-42FB-ACCE-F2A13889E252}.Release|Any CPU.Build.0 = Release|Any CPU
		{9C848162-AFE2-479F-919F-A19342FF7280}.Debug|Any CPU.ActiveCfg = Debug|Any CPU
		{9C848162-AFE2-479F-919F-A19342FF7280}.Debug|Any CPU.Build.0 = Debug|Any CPU
		{9C848162-AFE2-479F-919F-A19342FF7280}.Release|Any CPU.ActiveCfg = Release|Any CPU
		{9C848162-AFE2-479F-919F-A19342FF7280}.Release|Any CPU.Build.0 = Release|Any CPU
	EndGlobalSection
	GlobalSection(SolutionProperties) = preSolution
		HideSolutionNode = FALSE
	EndGlobalSection
	GlobalSection(NestedProjects) = preSolution
		{EDB31F57-4693-4576-BD1F-D6FD82FB9B4E} = {75DB81E9-16BA-4C3D-8F1C-4EEB77D6102E}
		{E8949E17-523F-43C1-995F-7FBBF0671C30} = {EDB31F57-4693-4576-BD1F-D6FD82FB9B4E}
		{B2CEB355-A314-4FC4-AFED-69DB66782478} = {75DB81E9-16BA-4C3D-8F1C-4EEB77D6102E}
		{C24408BD-0B92-4366-87BB-23F31C492214} = {B2CEB355-A314-4FC4-AFED-69DB66782478}
		{481AED98-38D0-41FA-9265-37DF23AA84CA} = {75DB81E9-16BA-4C3D-8F1C-4EEB77D6102E}
		{8B05E182-B5FC-42FB-ACCE-F2A13889E252} = {481AED98-38D0-41FA-9265-37DF23AA84CA}
		{9C848162-AFE2-479F-919F-A19342FF7280} = {481AED98-38D0-41FA-9265-37DF23AA84CA}
		{6770D4A8-B126-443A-90BD-28A2A9B361A7} = {75DB81E9-16BA-4C3D-8F1C-4EEB77D6102E}
	EndGlobalSection
	GlobalSection(ExtensibilityGlobals) = postSolution
		SolutionGuid = {807B403B-6ED4-434F-80BD-E7D85E2D1299}
	EndGlobalSection
EndGlobal
