
Microsoft Visual Studio Solution File, Format Version 12.00
# Visual Studio Version 16
VisualStudioVersion = 16.0.30717.126
MinimumVisualStudioVersion = 10.0.40219.1
Project("{2150E333-8FDC-42A3-9474-1A3956D46DE8}") = "src", "src", "{75DB81E9-16BA-4C3D-8F1C-4EEB77D6102E}"
EndProject
Project("{2150E333-8FDC-42A3-9474-1A3956D46DE8}") = "catalog", "catalog", "{EDB31F57-4693-4576-BD1F-D6FD82FB9B4E}"
EndProject
Project("{9A19103F-16F7-4668-BE54-9A1E7A4F7556}") = "Catalog.API", "src\Catalog\Catalog.API\Catalog.API.csproj", "{E8949E17-523F-43C1-995F-7FBBF0671C30}"
EndProject
Project("{E53339B2-1760-4266-BCC7-CA923CBCF16C}") = "docker-compose", "docker-compose.dcproj", "{E910433E-E839-42E5-B0D1-31387866DBED}"
EndProject
Project("{2150E333-8FDC-42A3-9474-1A3956D46DE8}") = "basket", "basket", "{B2CEB355-A314-4FC4-AFED-69DB66782478}"
EndProject
Project("{9A19103F-16F7-4668-BE54-9A1E7A4F7556}") = "Basket.API", "src\Basket\Basket.API\Basket.API.csproj", "{C24408BD-0B92-4366-87BB-23F31C492214}"
EndProject
Project("{2150E333-8FDC-42A3-9474-1A3956D46DE8}") = "Discount", "Discount", "{481AED98-38D0-41FA-9265-37DF23AA84CA}"
EndProject
Project("{9A19103F-16F7-4668-BE54-9A1E7A4F7556}") = "Discount.API", "src\Discount\Discount.API\Discount.API.csproj", "{8B05E182-B5FC-42FB-ACCE-F2A13889E252}"
EndProject
Project("{9A19103F-16F7-4668-BE54-9A1E7A4F7556}") = "Discount.Grpc", "src\Discount\Discount.Grpc\Discount.Grpc\Discount.Grpc.csproj", "{9C848162-AFE2-479F-919F-A19342FF7280}"
EndProject
Project("{2150E333-8FDC-42A3-9474-1A3956D46DE8}") = "Ordering", "Ordering", "{6770D4A8-B126-443A-90BD-28A2A9B361A7}"
EndProject
Project("{9A19103F-16F7-4668-BE54-9A1E7A4F7556}") = "Ordering.API", "src\Ordering\Ordering.API\Ordering.API.csproj", "{475DECF3-3310-419A-B4A2-58805155E6C8}"
EndProject
Project("{9A19103F-16F7-4668-BE54-9A1E7A4F7556}") = "Ordering.Application", "src\Ordering\Ordering.Application\Ordering.Application.csproj", "{33481058-05A7-4A2E-8904-BFFABFB51E75}"
EndProject
Project("{9A19103F-16F7-4668-BE54-9A1E7A4F7556}") = "Ordering.Domain", "src\Ordering\Ordering.Domain\Ordering.Domain.csproj", "{556E4B4E-C98F-4BB4-B62B-8C48EED82353}"
EndProject
Project("{9A19103F-16F7-4668-BE54-9A1E7A4F7556}") = "Ordering.Infrastructure", "src\Ordering\Ordering.Infrastructure\Ordering.Infrastructure.csproj", "{E633F653-9204-44D6-8AE8-63D103986085}"
EndProject
Project("{2150E333-8FDC-42A3-9474-1A3956D46DE8}") = "BuildingBlocks", "BuildingBlocks", "{66CA841D-0BDA-4E6B-A488-AB396E194982}"
EndProject
Project("{9A19103F-16F7-4668-BE54-9A1E7A4F7556}") = "EventBus.Messages", "src\BuildingBlocks\EventBus.Messages\EventBus.Messages.csproj", "{036540C9-3F49-4E19-AB2C-11EF5471B3F8}"
EndProject
Project("{2150E333-8FDC-42A3-9474-1A3956D46DE8}") = "ApiGateway", "ApiGateway", "{2823BD1F-33C6-4359-B23E-E2C118E52E2C}"
EndProject
Project("{FAE04EC0-301F-11D3-BF4B-00C04F79EFBC}") = "OcelotApiGw", "src\ApiGateway\OcelotApiGw\OcelotApiGw.csproj", "{64348D84-DDBC-4019-941F-B02B82B1A9D3}"
EndProject
Global
	GlobalSection(SolutionConfigurationPlatforms) = preSolution
		Debug|Any CPU = Debug|Any CPU
		Release|Any CPU = Release|Any CPU
	EndGlobalSection
	GlobalSection(ProjectConfigurationPlatforms) = postSolution
		{E8949E17-523F-43C1-995F-7FBBF0671C30}.Debug|Any CPU.ActiveCfg = Debug|Any CPU
		{E8949E17-523F-43C1-995F-7FBBF0671C30}.Debug|Any CPU.Build.0 = Debug|Any CPU
		{E8949E17-523F-43C1-995F-7FBBF0671C30}.Release|Any CPU.ActiveCfg = Release|Any CPU
		{E8949E17-523F-43C1-995F-7FBBF0671C30}.Release|Any CPU.Build.0 = Release|Any CPU
		{E910433E-E839-42E5-B0D1-31387866DBED}.Debug|Any CPU.ActiveCfg = Debug|Any CPU
		{E910433E-E839-42E5-B0D1-31387866DBED}.Debug|Any CPU.Build.0 = Debug|Any CPU
		{E910433E-E839-42E5-B0D1-31387866DBED}.Release|Any CPU.ActiveCfg = Release|Any CPU
		{E910433E-E839-42E5-B0D1-31387866DBED}.Release|Any CPU.Build.0 = Release|Any CPU
		{C24408BD-0B92-4366-87BB-23F31C492214}.Debug|Any CPU.ActiveCfg = Debug|Any CPU
		{C24408BD-0B92-4366-87BB-23F31C492214}.Debug|Any CPU.Build.0 = Debug|Any CPU
		{C24408BD-0B92-4366-87BB-23F31C492214}.Release|Any CPU.ActiveCfg = Release|Any CPU
		{C24408BD-0B92-4366-87BB-23F31C492214}.Release|Any CPU.Build.0 = Release|Any CPU
		{8B05E182-B5FC-42FB-ACCE-F2A13889E252}.Debug|Any CPU.ActiveCfg = Debug|Any CPU
		{8B05E182-B5FC-42FB-ACCE-F2A13889E252}.Debug|Any CPU.Build.0 = Debug|Any CPU
		{8B05E182-B5FC-42FB-ACCE-F2A13889E252}.Release|Any CPU.ActiveCfg = Release|Any CPU
		{8B05E182-B5FC-42FB-ACCE-F2A13889E252}.Release|Any CPU.Build.0 = Release|Any CPU
		{9C848162-AFE2-479F-919F-A19342FF7280}.Debug|Any CPU.ActiveCfg = Debug|Any CPU
		{9C848162-AFE2-479F-919F-A19342FF7280}.Debug|Any CPU.Build.0 = Debug|Any CPU
		{9C848162-AFE2-479F-919F-A19342FF7280}.Release|Any CPU.ActiveCfg = Release|Any CPU
		{9C848162-AFE2-479F-919F-A19342FF7280}.Release|Any CPU.Build.0 = Release|Any CPU
		{475DECF3-3310-419A-B4A2-58805155E6C8}.Debug|Any CPU.ActiveCfg = Debug|Any CPU
		{475DECF3-3310-419A-B4A2-58805155E6C8}.Debug|Any CPU.Build.0 = Debug|Any CPU
		{475DECF3-3310-419A-B4A2-58805155E6C8}.Release|Any CPU.ActiveCfg = Release|Any CPU
		{475DECF3-3310-419A-B4A2-58805155E6C8}.Release|Any CPU.Build.0 = Release|Any CPU
		{33481058-05A7-4A2E-8904-BFFABFB51E75}.Debug|Any CPU.ActiveCfg = Debug|Any CPU
		{33481058-05A7-4A2E-8904-BFFABFB51E75}.Debug|Any CPU.Build.0 = Debug|Any CPU
		{33481058-05A7-4A2E-8904-BFFABFB51E75}.Release|Any CPU.ActiveCfg = Release|Any CPU
		{33481058-05A7-4A2E-8904-BFFABFB51E75}.Release|Any CPU.Build.0 = Release|Any CPU
		{556E4B4E-C98F-4BB4-B62B-8C48EED82353}.Debug|Any CPU.ActiveCfg = Debug|Any CPU
		{556E4B4E-C98F-4BB4-B62B-8C48EED82353}.Debug|Any CPU.Build.0 = Debug|Any CPU
		{556E4B4E-C98F-4BB4-B62B-8C48EED82353}.Release|Any CPU.ActiveCfg = Release|Any CPU
		{556E4B4E-C98F-4BB4-B62B-8C48EED82353}.Release|Any CPU.Build.0 = Release|Any CPU
		{E633F653-9204-44D6-8AE8-63D103986085}.Debug|Any CPU.ActiveCfg = Debug|Any CPU
		{E633F653-9204-44D6-8AE8-63D103986085}.Debug|Any CPU.Build.0 = Debug|Any CPU
		{E633F653-9204-44D6-8AE8-63D103986085}.Release|Any CPU.ActiveCfg = Release|Any CPU
		{E633F653-9204-44D6-8AE8-63D103986085}.Release|Any CPU.Build.0 = Release|Any CPU
		{036540C9-3F49-4E19-AB2C-11EF5471B3F8}.Debug|Any CPU.ActiveCfg = Debug|Any CPU
		{036540C9-3F49-4E19-AB2C-11EF5471B3F8}.Debug|Any CPU.Build.0 = Debug|Any CPU
		{036540C9-3F49-4E19-AB2C-11EF5471B3F8}.Release|Any CPU.ActiveCfg = Release|Any CPU
		{036540C9-3F49-4E19-AB2C-11EF5471B3F8}.Release|Any CPU.Build.0 = Release|Any CPU
		{64348D84-DDBC-4019-941F-B02B82B1A9D3}.Debug|Any CPU.ActiveCfg = Debug|Any CPU
		{64348D84-DDBC-4019-941F-B02B82B1A9D3}.Debug|Any CPU.Build.0 = Debug|Any CPU
		{64348D84-DDBC-4019-941F-B02B82B1A9D3}.Release|Any CPU.ActiveCfg = Release|Any CPU
		{64348D84-DDBC-4019-941F-B02B82B1A9D3}.Release|Any CPU.Build.0 = Release|Any CPU
	EndGlobalSection
	GlobalSection(SolutionProperties) = preSolution
		HideSolutionNode = FALSE
	EndGlobalSection
	GlobalSection(NestedProjects) = preSolution
		{EDB31F57-4693-4576-BD1F-D6FD82FB9B4E} = {75DB81E9-16BA-4C3D-8F1C-4EEB77D6102E}
		{E8949E17-523F-43C1-995F-7FBBF0671C30} = {EDB31F57-4693-4576-BD1F-D6FD82FB9B4E}
		{B2CEB355-A314-4FC4-AFED-69DB66782478} = {75DB81E9-16BA-4C3D-8F1C-4EEB77D6102E}
		{C24408BD-0B92-4366-87BB-23F31C492214} = {B2CEB355-A314-4FC4-AFED-69DB66782478}
		{481AED98-38D0-41FA-9265-37DF23AA84CA} = {75DB81E9-16BA-4C3D-8F1C-4EEB77D6102E}
		{8B05E182-B5FC-42FB-ACCE-F2A13889E252} = {481AED98-38D0-41FA-9265-37DF23AA84CA}
		{9C848162-AFE2-479F-919F-A19342FF7280} = {481AED98-38D0-41FA-9265-37DF23AA84CA}
		{6770D4A8-B126-443A-90BD-28A2A9B361A7} = {75DB81E9-16BA-4C3D-8F1C-4EEB77D6102E}
		{475DECF3-3310-419A-B4A2-58805155E6C8} = {6770D4A8-B126-443A-90BD-28A2A9B361A7}
		{33481058-05A7-4A2E-8904-BFFABFB51E75} = {6770D4A8-B126-443A-90BD-28A2A9B361A7}
		{556E4B4E-C98F-4BB4-B62B-8C48EED82353} = {6770D4A8-B126-443A-90BD-28A2A9B361A7}
		{E633F653-9204-44D6-8AE8-63D103986085} = {6770D4A8-B126-443A-90BD-28A2A9B361A7}
		{66CA841D-0BDA-4E6B-A488-AB396E194982} = {75DB81E9-16BA-4C3D-8F1C-4EEB77D6102E}
		{036540C9-3F49-4E19-AB2C-11EF5471B3F8} = {66CA841D-0BDA-4E6B-A488-AB396E194982}
		{2823BD1F-33C6-4359-B23E-E2C118E52E2C} = {75DB81E9-16BA-4C3D-8F1C-4EEB77D6102E}
		{64348D84-DDBC-4019-941F-B02B82B1A9D3} = {2823BD1F-33C6-4359-B23E-E2C118E52E2C}
	EndGlobalSection
	GlobalSection(ExtensibilityGlobals) = postSolution
		SolutionGuid = {807B403B-6ED4-434F-80BD-E7D85E2D1299}
	EndGlobalSection
EndGlobal
